
Microsoft Visual Studio Solution File, Format Version 12.00
# Visual Studio Version 17
VisualStudioVersion = 17.6.33801.468
MinimumVisualStudioVersion = 10.0.40219.1
Project("{FAE04EC0-301F-11D3-BF4B-00C04F79EFBC}") = "HotelApi", "HotelApi\HotelApi.csproj", "{7C9C49EF-68A8-437B-9E1C-0522D8C1BEBA}"
EndProject
Global
	GlobalSection(SolutionConfigurationPlatforms) = preSolution
		Debug|Any CPU = Debug|Any CPU
		Release|Any CPU = Release|Any CPU
	EndGlobalSection
	GlobalSection(ProjectConfigurationPlatforms) = postSolution
		{7C9C49EF-68A8-437B-9E1C-0522D8C1BEBA}.Debug|Any CPU.ActiveCfg = Debug|Any CPU
		{7C9C49EF-68A8-437B-9E1C-0522D8C1BEBA}.Debug|Any CPU.Build.0 = Debug|Any CPU
		{7C9C49EF-68A8-437B-9E1C-0522D8C1BEBA}.Release|Any CPU.ActiveCfg = Release|Any CPU
		{7C9C49EF-68A8-437B-9E1C-0522D8C1BEBA}.Release|Any CPU.Build.0 = Release|Any CPU
	EndGlobalSection
	GlobalSection(SolutionProperties) = preSolution
		HideSolutionNode = FALSE
	EndGlobalSection
	GlobalSection(ExtensibilityGlobals) = postSolution
		SolutionGuid = {AFA55302-D5D2-4254-B6A0-74AD046C7D5D}
	EndGlobalSection
EndGlobal
